
Microsoft Visual Studio Solution File, Format Version 12.00
# Visual Studio Version 16
VisualStudioVersion = 16.0.30204.135
MinimumVisualStudioVersion = 10.0.40219.1
Project("{9A19103F-16F7-4668-BE54-9A1E7A4F7556}") = "WebApplication1", "WebApplication1.csproj", "{CCAB410C-45E8-439D-9636-2C3C3EBA7CCD}"
EndProject
Global
	GlobalSection(SolutionConfigurationPlatforms) = preSolution
		Debug|Any CPU = Debug|Any CPU
		Release|Any CPU = Release|Any CPU
	EndGlobalSection
	GlobalSection(ProjectConfigurationPlatforms) = postSolution
		{CCAB410C-45E8-439D-9636-2C3C3EBA7CCD}.Debug|Any CPU.ActiveCfg = Debug|Any CPU
		{CCAB410C-45E8-439D-9636-2C3C3EBA7CCD}.Debug|Any CPU.Build.0 = Debug|Any CPU
		{CCAB410C-45E8-439D-9636-2C3C3EBA7CCD}.Release|Any CPU.ActiveCfg = Release|Any CPU
		{CCAB410C-45E8-439D-9636-2C3C3EBA7CCD}.Release|Any CPU.Build.0 = Release|Any CPU
	EndGlobalSection
	GlobalSection(SolutionProperties) = preSolution
		HideSolutionNode = FALSE
	EndGlobalSection
	GlobalSection(ExtensibilityGlobals) = postSolution
		SolutionGuid = {18C63B1F-53A3-4DC1-BE9E-BBF7180D4126}
	EndGlobalSection
EndGlobal
